
Microsoft Visual Studio Solution File, Format Version 12.00
# Visual Studio Version 17
VisualStudioVersion = 17.7.34024.191
MinimumVisualStudioVersion = 10.0.40219.1
Project("{FAE04EC0-301F-11D3-BF4B-00C04F79EFBC}") = "Client", "Client\Client.csproj", "{65A05423-E1C0-46D6-8F37-DAC4F1DC5D19}"
EndProject
Global
	GlobalSection(SolutionConfigurationPlatforms) = preSolution
		Debug|Any CPU = Debug|Any CPU
		Release|Any CPU = Release|Any CPU
	EndGlobalSection
	GlobalSection(ProjectConfigurationPlatforms) = postSolution
		{65A05423-E1C0-46D6-8F37-DAC4F1DC5D19}.Debug|Any CPU.ActiveCfg = Debug|Any CPU
		{65A05423-E1C0-46D6-8F37-DAC4F1DC5D19}.Debug|Any CPU.Build.0 = Debug|Any CPU
		{65A05423-E1C0-46D6-8F37-DAC4F1DC5D19}.Release|Any CPU.ActiveCfg = Release|Any CPU
		{65A05423-E1C0-46D6-8F37-DAC4F1DC5D19}.Release|Any CPU.Build.0 = Release|Any CPU
	EndGlobalSection
	GlobalSection(SolutionProperties) = preSolution
		HideSolutionNode = FALSE
	EndGlobalSection
	GlobalSection(ExtensibilityGlobals) = postSolution
		SolutionGuid = {FA28F2B5-C58C-4771-9A27-81B136E28A38}
	EndGlobalSection
EndGlobal
